
Microsoft Visual Studio Solution File, Format Version 12.00
# Visual Studio 14
VisualStudioVersion = 14.0.25420.1
MinimumVisualStudioVersion = 10.0.40219.1
Project("{FAE04EC0-301F-11D3-BF4B-00C04F79EFBC}") = "01Bevezetes", "01Bevezetes\01Bevezetes.csproj", "{D8784EF2-3041-40CA-A3DF-802D3469CA45}"
EndProject
Project("{FAE04EC0-301F-11D3-BF4B-00C04F79EFBC}") = "02Elagaztatas", "02Elagaztatas\02Elagaztatas.csproj", "{A20E85D5-28CE-4B9F-92FB-A664CE7BB5A1}"
EndProject
Project("{FAE04EC0-301F-11D3-BF4B-00C04F79EFBC}") = "03ValtozokHasznalata", "03ValtozokHasznalata\03ValtozokHasznalata.csproj", "{7CA128E0-A08E-4EAA-8961-E38C11DDC439}"
EndProject
Project("{FAE04EC0-301F-11D3-BF4B-00C04F79EFBC}") = "04Ciklus", "04Ciklus\04Ciklus.csproj", "{B9A2ECB0-80D8-4D86-98B4-F4FACAE4CD8A}"
EndProject
Global
	GlobalSection(SolutionConfigurationPlatforms) = preSolution
		Debug|Any CPU = Debug|Any CPU
		Release|Any CPU = Release|Any CPU
	EndGlobalSection
	GlobalSection(ProjectConfigurationPlatforms) = postSolution
		{D8784EF2-3041-40CA-A3DF-802D3469CA45}.Debug|Any CPU.ActiveCfg = Debug|Any CPU
		{D8784EF2-3041-40CA-A3DF-802D3469CA45}.Debug|Any CPU.Build.0 = Debug|Any CPU
		{D8784EF2-3041-40CA-A3DF-802D3469CA45}.Release|Any CPU.ActiveCfg = Release|Any CPU
		{D8784EF2-3041-40CA-A3DF-802D3469CA45}.Release|Any CPU.Build.0 = Release|Any CPU
		{A20E85D5-28CE-4B9F-92FB-A664CE7BB5A1}.Debug|Any CPU.ActiveCfg = Debug|Any CPU
		{A20E85D5-28CE-4B9F-92FB-A664CE7BB5A1}.Debug|Any CPU.Build.0 = Debug|Any CPU
		{A20E85D5-28CE-4B9F-92FB-A664CE7BB5A1}.Release|Any CPU.ActiveCfg = Release|Any CPU
		{A20E85D5-28CE-4B9F-92FB-A664CE7BB5A1}.Release|Any CPU.Build.0 = Release|Any CPU
		{7CA128E0-A08E-4EAA-8961-E38C11DDC439}.Debug|Any CPU.ActiveCfg = Debug|Any CPU
		{7CA128E0-A08E-4EAA-8961-E38C11DDC439}.Debug|Any CPU.Build.0 = Debug|Any CPU
		{7CA128E0-A08E-4EAA-8961-E38C11DDC439}.Release|Any CPU.ActiveCfg = Release|Any CPU
		{7CA128E0-A08E-4EAA-8961-E38C11DDC439}.Release|Any CPU.Build.0 = Release|Any CPU
		{B9A2ECB0-80D8-4D86-98B4-F4FACAE4CD8A}.Debug|Any CPU.ActiveCfg = Debug|Any CPU
		{B9A2ECB0-80D8-4D86-98B4-F4FACAE4CD8A}.Debug|Any CPU.Build.0 = Debug|Any CPU
		{B9A2ECB0-80D8-4D86-98B4-F4FACAE4CD8A}.Release|Any CPU.ActiveCfg = Release|Any CPU
		{B9A2ECB0-80D8-4D86-98B4-F4FACAE4CD8A}.Release|Any CPU.Build.0 = Release|Any CPU
	EndGlobalSection
	GlobalSection(SolutionProperties) = preSolution
		HideSolutionNode = FALSE
	EndGlobalSection
EndGlobal
